
Microsoft Visual Studio Solution File, Format Version 12.00
# Visual Studio Version 17
VisualStudioVersion = 17.11.35312.102
MinimumVisualStudioVersion = 10.0.40219.1
Project("{9A19103F-16F7-4668-BE54-9A1E7A4F7556}") = "Involved.HTF.Common", "Involved.HTF.Common\Involved.HTF.Common.csproj", "{D1CD9EDA-78B1-49B0-9B2F-1F4537E13426}"
EndProject
Project("{FAE04EC0-301F-11D3-BF4B-00C04F79EFBC}") = "Involved.HTF.Console", "Involved.HTF.Console\Involved.HTF.Console.csproj", "{B4F2C045-5951-4FCE-BF61-5244DC7A3E46}"
EndProject
Global
	GlobalSection(SolutionConfigurationPlatforms) = preSolution
		Debug|Any CPU = Debug|Any CPU
		Release|Any CPU = Release|Any CPU
	EndGlobalSection
	GlobalSection(ProjectConfigurationPlatforms) = postSolution
		{D1CD9EDA-78B1-49B0-9B2F-1F4537E13426}.Debug|Any CPU.ActiveCfg = Debug|Any CPU
		{D1CD9EDA-78B1-49B0-9B2F-1F4537E13426}.Debug|Any CPU.Build.0 = Debug|Any CPU
		{D1CD9EDA-78B1-49B0-9B2F-1F4537E13426}.Release|Any CPU.ActiveCfg = Release|Any CPU
		{D1CD9EDA-78B1-49B0-9B2F-1F4537E13426}.Release|Any CPU.Build.0 = Release|Any CPU
		{B4F2C045-5951-4FCE-BF61-5244DC7A3E46}.Debug|Any CPU.ActiveCfg = Debug|Any CPU
		{B4F2C045-5951-4FCE-BF61-5244DC7A3E46}.Debug|Any CPU.Build.0 = Debug|Any CPU
		{B4F2C045-5951-4FCE-BF61-5244DC7A3E46}.Release|Any CPU.ActiveCfg = Release|Any CPU
		{B4F2C045-5951-4FCE-BF61-5244DC7A3E46}.Release|Any CPU.Build.0 = Release|Any CPU
	EndGlobalSection
	GlobalSection(SolutionProperties) = preSolution
		HideSolutionNode = FALSE
	EndGlobalSection
	GlobalSection(ExtensibilityGlobals) = postSolution
		SolutionGuid = {00853BB8-09C2-4F78-91A4-664F9E726D01}
	EndGlobalSection
EndGlobal
